
Microsoft Visual Studio Solution File, Format Version 12.00
# Visual Studio Version 16
VisualStudioVersion = 16.0.29806.167
MinimumVisualStudioVersion = 10.0.40219.1
Project("{9A19103F-16F7-4668-BE54-9A1E7A4F7556}") = "Couponel.Entities", "Couponel.Database\Couponel.Entities.csproj", "{7E869D84-F7C1-4DF1-98E8-179DB3ADDBB4}"
EndProject
Project("{2150E333-8FDC-42A3-9474-1A3956D46DE8}") = "01. Presentation", "01. Presentation", "{C7B2DCE5-BA07-4B4C-8BB0-9A8BE2ED1FF4}"
EndProject
Project("{2150E333-8FDC-42A3-9474-1A3956D46DE8}") = "02. Business", "02. Business", "{4682D113-EFD2-4345-ADFD-33C6576DEFFF}"
EndProject
Project("{2150E333-8FDC-42A3-9474-1A3956D46DE8}") = "03. Persistance", "03. Persistance", "{BF088CED-DDA1-4C0D-B6BE-301EE3E33AB7}"
EndProject
Project("{9A19103F-16F7-4668-BE54-9A1E7A4F7556}") = "Couponel.Persistence", "Couponel.Persistance\Couponel.Persistence.csproj", "{84A89BA3-DAA0-48A6-8749-3594489AF2F0}"
EndProject
Project("{9A19103F-16F7-4668-BE54-9A1E7A4F7556}") = "Couponel.Business", "Couponel.Business\Couponel.Business.csproj", "{6D31F4DA-F618-45AC-8E84-A2AAD14DA56B}"
EndProject
Project("{9A19103F-16F7-4668-BE54-9A1E7A4F7556}") = "Couponel.API", "Couponel.API\Couponel.API.csproj", "{D78322F2-3EC2-498C-AD4B-2D88166505A1}"
EndProject
Project("{2150E333-8FDC-42A3-9474-1A3956D46DE8}") = "99. Tests", "99. Tests", "{EC0A9A07-2CD2-4CCE-9997-8EDCE488BA1F}"
EndProject
Project("{9A19103F-16F7-4668-BE54-9A1E7A4F7556}") = "Couponel.UnitTests", "Couponel.UnitTests\Couponel.UnitTests.csproj", "{EDA20255-4A66-4F0F-958A-6AA94483779B}"
EndProject
Project("{9A19103F-16F7-4668-BE54-9A1E7A4F7556}") = "Couponel.IntegrationTests", "Couponel.IntegrationTests\Couponel.IntegrationTests.csproj", "{08820A1B-7E12-43DE-947A-C275BDD9A9B5}"
EndProject
Project("{FAE04EC0-301F-11D3-BF4B-00C04F79EFBC}") = "Couponel.AutomationTests", "Couponel.AutomationTests\Couponel.AutomationTests.csproj", "{D576B058-11DA-4E46-98A7-FECAAADFC985}"
EndProject
Global
	GlobalSection(SolutionConfigurationPlatforms) = preSolution
		Debug|Any CPU = Debug|Any CPU
		Release|Any CPU = Release|Any CPU
	EndGlobalSection
	GlobalSection(ProjectConfigurationPlatforms) = postSolution
		{7E869D84-F7C1-4DF1-98E8-179DB3ADDBB4}.Debug|Any CPU.ActiveCfg = Debug|Any CPU
		{7E869D84-F7C1-4DF1-98E8-179DB3ADDBB4}.Debug|Any CPU.Build.0 = Debug|Any CPU
		{7E869D84-F7C1-4DF1-98E8-179DB3ADDBB4}.Release|Any CPU.ActiveCfg = Release|Any CPU
		{7E869D84-F7C1-4DF1-98E8-179DB3ADDBB4}.Release|Any CPU.Build.0 = Release|Any CPU
		{84A89BA3-DAA0-48A6-8749-3594489AF2F0}.Debug|Any CPU.ActiveCfg = Debug|Any CPU
		{84A89BA3-DAA0-48A6-8749-3594489AF2F0}.Debug|Any CPU.Build.0 = Debug|Any CPU
		{84A89BA3-DAA0-48A6-8749-3594489AF2F0}.Release|Any CPU.ActiveCfg = Release|Any CPU
		{84A89BA3-DAA0-48A6-8749-3594489AF2F0}.Release|Any CPU.Build.0 = Release|Any CPU
		{6D31F4DA-F618-45AC-8E84-A2AAD14DA56B}.Debug|Any CPU.ActiveCfg = Debug|Any CPU
		{6D31F4DA-F618-45AC-8E84-A2AAD14DA56B}.Debug|Any CPU.Build.0 = Debug|Any CPU
		{6D31F4DA-F618-45AC-8E84-A2AAD14DA56B}.Release|Any CPU.ActiveCfg = Release|Any CPU
		{6D31F4DA-F618-45AC-8E84-A2AAD14DA56B}.Release|Any CPU.Build.0 = Release|Any CPU
		{D78322F2-3EC2-498C-AD4B-2D88166505A1}.Debug|Any CPU.ActiveCfg = Debug|Any CPU
		{D78322F2-3EC2-498C-AD4B-2D88166505A1}.Debug|Any CPU.Build.0 = Debug|Any CPU
		{D78322F2-3EC2-498C-AD4B-2D88166505A1}.Release|Any CPU.ActiveCfg = Release|Any CPU
		{D78322F2-3EC2-498C-AD4B-2D88166505A1}.Release|Any CPU.Build.0 = Release|Any CPU
		{EDA20255-4A66-4F0F-958A-6AA94483779B}.Debug|Any CPU.ActiveCfg = Debug|Any CPU
		{EDA20255-4A66-4F0F-958A-6AA94483779B}.Debug|Any CPU.Build.0 = Debug|Any CPU
		{EDA20255-4A66-4F0F-958A-6AA94483779B}.Release|Any CPU.ActiveCfg = Release|Any CPU
		{EDA20255-4A66-4F0F-958A-6AA94483779B}.Release|Any CPU.Build.0 = Release|Any CPU
		{08820A1B-7E12-43DE-947A-C275BDD9A9B5}.Debug|Any CPU.ActiveCfg = Debug|Any CPU
		{08820A1B-7E12-43DE-947A-C275BDD9A9B5}.Debug|Any CPU.Build.0 = Debug|Any CPU
		{08820A1B-7E12-43DE-947A-C275BDD9A9B5}.Release|Any CPU.ActiveCfg = Release|Any CPU
		{08820A1B-7E12-43DE-947A-C275BDD9A9B5}.Release|Any CPU.Build.0 = Release|Any CPU
		{D576B058-11DA-4E46-98A7-FECAAADFC985}.Debug|Any CPU.ActiveCfg = Debug|Any CPU
		{D576B058-11DA-4E46-98A7-FECAAADFC985}.Debug|Any CPU.Build.0 = Debug|Any CPU
		{D576B058-11DA-4E46-98A7-FECAAADFC985}.Release|Any CPU.ActiveCfg = Release|Any CPU
		{D576B058-11DA-4E46-98A7-FECAAADFC985}.Release|Any CPU.Build.0 = Release|Any CPU
	EndGlobalSection
	GlobalSection(SolutionProperties) = preSolution
		HideSolutionNode = FALSE
	EndGlobalSection
	GlobalSection(NestedProjects) = preSolution
		{7E869D84-F7C1-4DF1-98E8-179DB3ADDBB4} = {BF088CED-DDA1-4C0D-B6BE-301EE3E33AB7}
		{84A89BA3-DAA0-48A6-8749-3594489AF2F0} = {BF088CED-DDA1-4C0D-B6BE-301EE3E33AB7}
		{6D31F4DA-F618-45AC-8E84-A2AAD14DA56B} = {4682D113-EFD2-4345-ADFD-33C6576DEFFF}
		{D78322F2-3EC2-498C-AD4B-2D88166505A1} = {C7B2DCE5-BA07-4B4C-8BB0-9A8BE2ED1FF4}
		{EDA20255-4A66-4F0F-958A-6AA94483779B} = {EC0A9A07-2CD2-4CCE-9997-8EDCE488BA1F}
		{08820A1B-7E12-43DE-947A-C275BDD9A9B5} = {EC0A9A07-2CD2-4CCE-9997-8EDCE488BA1F}
		{D576B058-11DA-4E46-98A7-FECAAADFC985} = {EC0A9A07-2CD2-4CCE-9997-8EDCE488BA1F}
	EndGlobalSection
	GlobalSection(ExtensibilityGlobals) = postSolution
		SolutionGuid = {CF19F7E2-694C-4EFF-BD0E-B48906486947}
	EndGlobalSection
EndGlobal
